
Microsoft Visual Studio Solution File, Format Version 12.00
# Visual Studio Version 16
VisualStudioVersion = 16.0.32630.194
MinimumVisualStudioVersion = 10.0.40219.1
Project("{FAE04EC0-301F-11D3-BF4B-00C04F79EFBC}") = "Hello", "Hello\Hello.csproj", "{27C5FEAE-8A66-49E3-A86D-66797F968F54}"
EndProject
Global
	GlobalSection(SolutionConfigurationPlatforms) = preSolution
		Debug|Any CPU = Debug|Any CPU
		Release|Any CPU = Release|Any CPU
	EndGlobalSection
	GlobalSection(ProjectConfigurationPlatforms) = postSolution
		{27C5FEAE-8A66-49E3-A86D-66797F968F54}.Debug|Any CPU.ActiveCfg = Debug|Any CPU
		{27C5FEAE-8A66-49E3-A86D-66797F968F54}.Debug|Any CPU.Build.0 = Debug|Any CPU
		{27C5FEAE-8A66-49E3-A86D-66797F968F54}.Release|Any CPU.ActiveCfg = Release|Any CPU
		{27C5FEAE-8A66-49E3-A86D-66797F968F54}.Release|Any CPU.Build.0 = Release|Any CPU
	EndGlobalSection
	GlobalSection(SolutionProperties) = preSolution
		HideSolutionNode = FALSE
	EndGlobalSection
	GlobalSection(ExtensibilityGlobals) = postSolution
		SolutionGuid = {72DF3DA2-5383-43A8-9A4B-3618F7847211}
	EndGlobalSection
EndGlobal
